
Microsoft Visual Studio Solution File, Format Version 12.00
# Visual Studio Version 17
VisualStudioVersion = 17.0.31903.59
MinimumVisualStudioVersion = 10.0.40219.1
Project("{FAE04EC0-301F-11D3-BF4B-00C04F79EFBC}") = "Example", "Example\Example.csproj", "{ED3CEE28-5E72-40C5-A72B-A431CE6F90D9}"
EndProject
Project("{FAE04EC0-301F-11D3-BF4B-00C04F79EFBC}") = "ExampleTest", "ExampleTest\ExampleTest.csproj", "{52C8D72A-A703-4C2B-A75B-37446BE31D94}"
EndProject
Global
	GlobalSection(SolutionConfigurationPlatforms) = preSolution
		Debug|Any CPU = Debug|Any CPU
		Debug|x64 = Debug|x64
		Debug|x86 = Debug|x86
		Release|Any CPU = Release|Any CPU
		Release|x64 = Release|x64
		Release|x86 = Release|x86
	EndGlobalSection
	GlobalSection(ProjectConfigurationPlatforms) = postSolution
		{ED3CEE28-5E72-40C5-A72B-A431CE6F90D9}.Debug|Any CPU.ActiveCfg = Debug|Any CPU
		{ED3CEE28-5E72-40C5-A72B-A431CE6F90D9}.Debug|Any CPU.Build.0 = Debug|Any CPU
		{ED3CEE28-5E72-40C5-A72B-A431CE6F90D9}.Debug|x64.ActiveCfg = Debug|Any CPU
		{ED3CEE28-5E72-40C5-A72B-A431CE6F90D9}.Debug|x64.Build.0 = Debug|Any CPU
		{ED3CEE28-5E72-40C5-A72B-A431CE6F90D9}.Debug|x86.ActiveCfg = Debug|Any CPU
		{ED3CEE28-5E72-40C5-A72B-A431CE6F90D9}.Debug|x86.Build.0 = Debug|Any CPU
		{ED3CEE28-5E72-40C5-A72B-A431CE6F90D9}.Release|Any CPU.ActiveCfg = Release|Any CPU
		{ED3CEE28-5E72-40C5-A72B-A431CE6F90D9}.Release|Any CPU.Build.0 = Release|Any CPU
		{ED3CEE28-5E72-40C5-A72B-A431CE6F90D9}.Release|x64.ActiveCfg = Release|Any CPU
		{ED3CEE28-5E72-40C5-A72B-A431CE6F90D9}.Release|x64.Build.0 = Release|Any CPU
		{ED3CEE28-5E72-40C5-A72B-A431CE6F90D9}.Release|x86.ActiveCfg = Release|Any CPU
		{ED3CEE28-5E72-40C5-A72B-A431CE6F90D9}.Release|x86.Build.0 = Release|Any CPU
		{52C8D72A-A703-4C2B-A75B-37446BE31D94}.Debug|Any CPU.ActiveCfg = Debug|Any CPU
		{52C8D72A-A703-4C2B-A75B-37446BE31D94}.Debug|Any CPU.Build.0 = Debug|Any CPU
		{52C8D72A-A703-4C2B-A75B-37446BE31D94}.Debug|x64.ActiveCfg = Debug|Any CPU
		{52C8D72A-A703-4C2B-A75B-37446BE31D94}.Debug|x64.Build.0 = Debug|Any CPU
		{52C8D72A-A703-4C2B-A75B-37446BE31D94}.Debug|x86.ActiveCfg = Debug|Any CPU
		{52C8D72A-A703-4C2B-A75B-37446BE31D94}.Debug|x86.Build.0 = Debug|Any CPU
		{52C8D72A-A703-4C2B-A75B-37446BE31D94}.Release|Any CPU.ActiveCfg = Release|Any CPU
		{52C8D72A-A703-4C2B-A75B-37446BE31D94}.Release|Any CPU.Build.0 = Release|Any CPU
		{52C8D72A-A703-4C2B-A75B-37446BE31D94}.Release|x64.ActiveCfg = Release|Any CPU
		{52C8D72A-A703-4C2B-A75B-37446BE31D94}.Release|x64.Build.0 = Release|Any CPU
		{52C8D72A-A703-4C2B-A75B-37446BE31D94}.Release|x86.ActiveCfg = Release|Any CPU
		{52C8D72A-A703-4C2B-A75B-37446BE31D94}.Release|x86.Build.0 = Release|Any CPU
	EndGlobalSection
	GlobalSection(SolutionProperties) = preSolution
		HideSolutionNode = FALSE
	EndGlobalSection
EndGlobal
